
Microsoft Visual Studio Solution File, Format Version 12.00
# Visual Studio Version 16
VisualStudioVersion = 16.0.32602.291
MinimumVisualStudioVersion = 10.0.40219.1
Project("{8BC9CEB8-8B4A-11D0-8D11-00A0C91BC942}") = "2D OpenGL Renderer", "2D OpenGL Renderer\2D OpenGL Renderer.vcxproj", "{30327E33-D40A-457A-915A-BEF312CB77A4}"
EndProject
Global
	GlobalSection(SolutionConfigurationPlatforms) = preSolution
		Debug|x64 = Debug|x64
		Debug|x86 = Debug|x86
		Release|x64 = Release|x64
		Release|x86 = Release|x86
	EndGlobalSection
	GlobalSection(ProjectConfigurationPlatforms) = postSolution
		{30327E33-D40A-457A-915A-BEF312CB77A4}.Debug|x64.ActiveCfg = Debug|x64
		{30327E33-D40A-457A-915A-BEF312CB77A4}.Debug|x64.Build.0 = Debug|x64
		{30327E33-D40A-457A-915A-BEF312CB77A4}.Debug|x86.ActiveCfg = Debug|Win32
		{30327E33-D40A-457A-915A-BEF312CB77A4}.Debug|x86.Build.0 = Debug|Win32
		{30327E33-D40A-457A-915A-BEF312CB77A4}.Release|x64.ActiveCfg = Release|x64
		{30327E33-D40A-457A-915A-BEF312CB77A4}.Release|x64.Build.0 = Release|x64
		{30327E33-D40A-457A-915A-BEF312CB77A4}.Release|x86.ActiveCfg = Release|Win32
		{30327E33-D40A-457A-915A-BEF312CB77A4}.Release|x86.Build.0 = Release|Win32
	EndGlobalSection
	GlobalSection(SolutionProperties) = preSolution
		HideSolutionNode = FALSE
	EndGlobalSection
	GlobalSection(ExtensibilityGlobals) = postSolution
		SolutionGuid = {C5F8DAE0-404F-4D84-B4EA-AC4367FE080A}
	EndGlobalSection
EndGlobal
